// !$*UTF8*$!
{
	archiveVersion = 1;
	classes = {
	};
	objectVersion = 46;
	objects = {

/* Begin PBXBuildFile section */
		147573C11F39B9D6007304B3 /* AppDelegate.swift in Sources */ = {isa = PBXBuildFile; fileRef = 147573C01F39B9D6007304B3 /* AppDelegate.swift */; };
		147573C31F39B9D6007304B3 /* ViewController.swift in Sources */ = {isa = PBXBuildFile; fileRef = 147573C21F39B9D6007304B3 /* ViewController.swift */; };
		147573C61F39B9D6007304B3 /* Main.storyboard in Resources */ = {isa = PBXBuildFile; fileRef = 147573C41F39B9D6007304B3 /* Main.storyboard */; };
		147573C81F39B9D6007304B3 /* Assets.xcassets in Resources */ = {isa = PBXBuildFile; fileRef = 147573C71F39B9D6007304B3 /* Assets.xcassets */; };
		147573CB1F39B9D6007304B3 /* LaunchScreen.storyboard in Resources */ = {isa = PBXBuildFile; fileRef = 147573C91F39B9D6007304B3 /* LaunchScreen.storyboard */; };
		33C24D1E6FA64BAE21C1D256 /* Pods_test_travis.framework in Frameworks */ = {isa = PBXBuildFile; fileRef = C72C5F6829EE0363CCE446B6 /* Pods_test_travis.framework */; };
/* End PBXBuildFile section */

/* Begin PBXFileReference section */
		147573BD1F39B9D6007304B3 /* test_travis.app */ = {isa = PBXFileReference; explicitFileType = wrapper.application; includeInIndex = 0; path = test_travis.app; sourceTree = BUILT_PRODUCTS_DIR; };
		147573C01F39B9D6007304B3 /* AppDelegate.swift */ = {isa = PBXFileReference; lastKnownFileType = sourcecode.swift; path = AppDelegate.swift; sourceTree = "<group>"; };
		147573C21F39B9D6007304B3 /* ViewController.swift */ = {isa = PBXFileReference; lastKnownFileType = sourcecode.swift; path = ViewController.swift; sourceTree = "<group>"; };
		147573C51F39B9D6007304B3 /* Base */ = {isa = PBXFileReference; lastKnownFileType = file.storyboard; name = Base; path = Base.lproj/Main.storyboard; sourceTree = "<group>"; };
		147573C71F39B9D6007304B3 /* Assets.xcassets */ = {isa = PBXFileReference; lastKnownFileType = folder.assetcatalog; path = Assets.xcassets; sourceTree = "<group>"; };
		147573CA1F39B9D6007304B3 /* Base */ = {isa = PBXFileReference; lastKnownFileType = file.storyboard; name = Base; path = Base.lproj/LaunchScreen.storyboard; sourceTree = "<group>"; };
		147573CC1F39B9D6007304B3 /* Info.plist */ = {isa = PBXFileReference; lastKnownFileType = text.plist.xml; path = Info.plist; sourceTree = "<group>"; };
		9645B2FE8C88A95BC05EBE4F /* Pods-test_travis.release.xcconfig */ = {isa = PBXFileReference; includeInIndex = 1; lastKnownFileType = text.xcconfig; name = "Pods-test_travis.release.xcconfig"; path = "Pods/Target Support Files/Pods-test_travis/Pods-test_travis.release.xcconfig"; sourceTree = "<group>"; };
		C72C5F6829EE0363CCE446B6 /* Pods_test_travis.framework */ = {isa = PBXFileReference; explicitFileType = wrapper.framework; includeInIndex = 0; path = Pods_test_travis.framework; sourceTree = BUILT_PRODUCTS_DIR; };
		CE3FFCD909F1777B37E58544 /* Pods-test_travis.debug.xcconfig */ = {isa = PBXFileReference; includeInIndex = 1; lastKnownFileType = text.xcconfig; name = "Pods-test_travis.debug.xcconfig"; path = "Pods/Target Support Files/Pods-test_travis/Pods-test_travis.debug.xcconfig"; sourceTree = "<group>"; };
/* End PBXFileReference section */

/* Begin PBXFrameworksBuildPhase section */
		147573BA1F39B9D6007304B3 /* Frameworks */ = {
			isa = PBXFrameworksBuildPhase;
			buildActionMask = 2147483647;
			files = (
				33C24D1E6FA64BAE21C1D256 /* Pods_test_travis.framework in Frameworks */,
			);
			runOnlyForDeploymentPostprocessing = 0;
		};
/* End PBXFrameworksBuildPhase section */

/* Begin PBXGroup section */
		147573B41F39B9D6007304B3 = {
			isa = PBXGroup;
			children = (
				147573BF1F39B9D6007304B3 /* test_travis */,
				147573BE1F39B9D6007304B3 /* Products */,
				AE8791F8319CB045ECC70EE5 /* Pods */,
				2243F360A9E76CE99C4D1EC4 /* Frameworks */,
			);
			sourceTree = "<group>";
		};
		147573BE1F39B9D6007304B3 /* Products */ = {
			isa = PBXGroup;
			children = (
				147573BD1F39B9D6007304B3 /* test_travis.app */,
			);
			name = Products;
			sourceTree = "<group>";
		};
		147573BF1F39B9D6007304B3 /* test_travis */ = {
			isa = PBXGroup;
			children = (
				147573C01F39B9D6007304B3 /* AppDelegate.swift */,
				147573C21F39B9D6007304B3 /* ViewController.swift */,
				147573C41F39B9D6007304B3 /* Main.storyboard */,
				147573C71F39B9D6007304B3 /* Assets.xcassets */,
				147573C91F39B9D6007304B3 /* LaunchScreen.storyboard */,
				147573CC1F39B9D6007304B3 /* Info.plist */,
			);
			path = test_travis;
			sourceTree = "<group>";
		};
		2243F360A9E76CE99C4D1EC4 /* Frameworks */ = {
			isa = PBXGroup;
			children = (
				C72C5F6829EE0363CCE446B6 /* Pods_test_travis.framework */,
			);
			name = Frameworks;
			sourceTree = "<group>";
		};
		AE8791F8319CB045ECC70EE5 /* Pods */ = {
			isa = PBXGroup;
			children = (
				CE3FFCD909F1777B37E58544 /* Pods-test_travis.debug.xcconfig */,
				9645B2FE8C88A95BC05EBE4F /* Pods-test_travis.release.xcconfig */,
			);
			name = Pods;
			sourceTree = "<group>";
		};
/* End PBXGroup section */

/* Begin PBXNativeTarget section */
		147573BC1F39B9D6007304B3 /* test_travis */ = {
			isa = PBXNativeTarget;
			buildConfigurationList = 147573CF1F39B9D6007304B3 /* Build configuration list for PBXNativeTarget "test_travis" */;
			buildPhases = (
				E9048A5F20D7585391394786 /* [CP] Check Pods Manifest.lock */,
				147573B91F39B9D6007304B3 /* Sources */,
				147573BA1F39B9D6007304B3 /* Frameworks */,
				147573BB1F39B9D6007304B3 /* Resources */,
				5366804BB3C3F8A574DE7B42 /* [CP] Embed Pods Frameworks */,
				7B15C5B0614868A3BA108AB1 /* [CP] Copy Pods Resources */,
			);
			buildRules = (
			);
			dependencies = (
			);
			name = test_travis;
			productName = test_travis;
			productReference = 147573BD1F39B9D6007304B3 /* test_travis.app */;
			productType = "com.apple.product-type.application";
		};
/* End PBXNativeTarget section */

/* Begin PBXProject section */
		147573B51F39B9D6007304B3 /* Project object */ = {
			isa = PBXProject;
			attributes = {
				LastSwiftUpdateCheck = 0830;
				LastUpgradeCheck = 0830;
				ORGANIZATIONNAME = "jon due";
				TargetAttributes = {
					147573BC1F39B9D6007304B3 = {
						CreatedOnToolsVersion = 8.3.3;
						ProvisioningStyle = Automatic;
					};
				};
			};
			buildConfigurationList = 147573B81F39B9D6007304B3 /* Build configuration list for PBXProject "test_travis" */;
			compatibilityVersion = "Xcode 3.2";
			developmentRegion = English;
			hasScannedForEncodings = 0;
			knownRegions = (
				en,
				Base,
			);
			mainGroup = 147573B41F39B9D6007304B3;
			productRefGroup = 147573BE1F39B9D6007304B3 /* Products */;
			projectDirPath = "";
			projectRoot = "";
			targets = (
				147573BC1F39B9D6007304B3 /* test_travis */,
			);
		};
/* End PBXProject section */

/* Begin PBXResourcesBuildPhase section */
		147573BB1F39B9D6007304B3 /* Resources */ = {
			isa = PBXResourcesBuildPhase;
			buildActionMask = 2147483647;
			files = (
				147573CB1F39B9D6007304B3 /* LaunchScreen.storyboard in Resources */,
				147573C81F39B9D6007304B3 /* Assets.xcassets in Resources */,
				147573C61F39B9D6007304B3 /* Main.storyboard in Resources */,
			);
			runOnlyForDeploymentPostprocessing = 0;
		};
/* End PBXResourcesBuildPhase section */

/* Begin PBXShellScriptBuildPhase section */
		5366804BB3C3F8A574DE7B42 /* [CP] Embed Pods Frameworks */ = {
			isa = PBXShellScriptBuildPhase;
			buildActionMask = 2147483647;
			files = (
			);
			inputPaths = (
			);
			name = "[CP] Embed Pods Frameworks";
			outputPaths = (
			);
			runOnlyForDeploymentPostprocessing = 0;
			shellPath = /bin/sh;
			shellScript = "\"${SRCROOT}/Pods/Target Support Files/Pods-test_travis/Pods-test_travis-frameworks.sh\"\n";
			showEnvVarsInLog = 0;
		};
		7B15C5B0614868A3BA108AB1 /* [CP] Copy Pods Resources */ = {
			isa = PBXShellScriptBuildPhase;
			buildActionMask = 2147483647;
			files = (
			);
			inputPaths = (
			);
			name = "[CP] Copy Pods Resources";
			outputPaths = (
			);
			runOnlyForDeploymentPostprocessing = 0;
			shellPath = /bin/sh;
			shellScript = "\"${SRCROOT}/Pods/Target Support Files/Pods-test_travis/Pods-test_travis-resources.sh\"\n";
			showEnvVarsInLog = 0;
		};
		E9048A5F20D7585391394786 /* [CP] Check Pods Manifest.lock */ = {
			isa = PBXShellScriptBuildPhase;
			buildActionMask = 2147483647;
			files = (
			);
			inputPaths = (
			);
			name = "[CP] Check Pods Manifest.lock";
			outputPaths = (
			);
			runOnlyForDeploymentPostprocessing = 0;
			shellPath = /bin/sh;
			shellScript = "diff \"${PODS_PODFILE_DIR_PATH}/Podfile.lock\" \"${PODS_ROOT}/Manifest.lock\" > /dev/null\nif [ $? != 0 ] ; then\n    # print error to STDERR\n    echo \"error: The sandbox is not in sync with the Podfile.lock. Run 'pod install' or update your CocoaPods installation.\" >&2\n    exit 1\nfi\n";
			showEnvVarsInLog = 0;
		};
/* End PBXShellScriptBuildPhase section */

/* Begin PBXSourcesBuildPhase section */
		147573B91F39B9D6007304B3 /* Sources */ = {
			isa = PBXSourcesBuildPhase;
			buildActionMask = 2147483647;
			files = (
				147573C31F39B9D6007304B3 /* ViewController.swift in Sources */,
				147573C11F39B9D6007304B3 /* AppDelegate.swift in Sources */,
			);
			runOnlyForDeploymentPostprocessing = 0;
		};
/* End PBXSourcesBuildPhase section */

/* Begin PBXVariantGroup section */
		147573C41F39B9D6007304B3 /* Main.storyboard */ = {
			isa = PBXVariantGroup;
			children = (
				147573C51F39B9D6007304B3 /* Base */,
			);
			name = Main.storyboard;
			sourceTree = "<group>";
		};
		147573C91F39B9D6007304B3 /* LaunchScreen.storyboard */ = {
			isa = PBXVariantGroup;
			children = (
				147573CA1F39B9D6007304B3 /* Base */,
			);
			name = LaunchScreen.storyboard;
			sourceTree = "<group>";
		};
/* End PBXVariantGroup section */

/* Begin XCBuildConfiguration section */
		147573CD1F39B9D6007304B3 /* Debug */ = {
			isa = XCBuildConfiguration;
			buildSettings = {
				ALWAYS_SEARCH_USER_PATHS = NO;
				CLANG_ANALYZER_NONNULL = YES;
				CLANG_ANALYZER_NUMBER_OBJECT_CONVERSION = YES_AGGRESSIVE;
				CLANG_CXX_LANGUAGE_STANDARD = "gnu++0x";
				CLANG_CXX_LIBRARY = "libc++";
				CLANG_ENABLE_MODULES = YES;
				CLANG_ENABLE_OBJC_ARC = YES;
				CLANG_WARN_BOOL_CONVERSION = YES;
				CLANG_WARN_CONSTANT_CONVERSION = YES;
				CLANG_WARN_DIRECT_OBJC_ISA_USAGE = YES_ERROR;
				CLANG_WARN_DOCUMENTATION_COMMENTS = YES;
				CLANG_WARN_EMPTY_BODY = YES;
				CLANG_WARN_ENUM_CONVERSION = YES;
				CLANG_WARN_INFINITE_RECURSION = YES;
				CLANG_WARN_INT_CONVERSION = YES;
				CLANG_WARN_OBJC_ROOT_CLASS = YES_ERROR;
				CLANG_WARN_SUSPICIOUS_MOVE = YES;
				CLANG_WARN_UNREACHABLE_CODE = YES;
				CLANG_WARN__DUPLICATE_METHOD_MATCH = YES;
				"CODE_SIGN_IDENTITY[sdk=iphoneos*]" = "iPhone Developer";
				COPY_PHASE_STRIP = NO;
				DEBUG_INFORMATION_FORMAT = dwarf;
				ENABLE_STRICT_OBJC_MSGSEND = YES;
				ENABLE_TESTABILITY = YES;
				GCC_C_LANGUAGE_STANDARD = gnu99;
				GCC_DYNAMIC_NO_PIC = NO;
				GCC_NO_COMMON_BLOCKS = YES;
				GCC_OPTIMIZATION_LEVEL = 0;
				GCC_PREPROCESSOR_DEFINITIONS = (
					"DEBUG=1",
					"$(inherited)",
				);
				GCC_WARN_64_TO_32_BIT_CONVERSION = YES;
				GCC_WARN_ABOUT_RETURN_TYPE = YES_ERROR;
				GCC_WARN_UNDECLARED_SELECTOR = YES;
				GCC_WARN_UNINITIALIZED_AUTOS = YES_AGGRESSIVE;
				GCC_WARN_UNUSED_FUNCTION = YES;
				GCC_WARN_UNUSED_VARIABLE = YES;
				IPHONEOS_DEPLOYMENT_TARGET = 10.3;
				MTL_ENABLE_DEBUG_INFO = YES;
				ONLY_ACTIVE_ARCH = YES;
				SDKROOT = iphoneos;
				SWIFT_ACTIVE_COMPILATION_CONDITIONS = DEBUG;
				SWIFT_OPTIMIZATION_LEVEL = "-Onone";
			};
			name = Debug;
		};
		147573CE1F39B9D6007304B3 /* Release */ = {
			isa = XCBuildConfiguration;
			buildSettings = {
				ALWAYS_SEARCH_USER_PATHS = NO;
				CLANG_ANALYZER_NONNULL = YES;
				CLANG_ANALYZER_NUMBER_OBJECT_CONVERSION = YES_AGGRESSIVE;
				CLANG_CXX_LANGUAGE_STANDARD = "gnu++0x";
				CLANG_CXX_LIBRARY = "libc++";
				CLANG_ENABLE_MODULES = YES;
				CLANG_ENABLE_OBJC_ARC = YES;
				CLANG_WARN_BOOL_CONVERSION = YES;
				CLANG_WARN_CONSTANT_CONVERSION = YES;
				CLANG_WARN_DIRECT_OBJC_ISA_USAGE = YES_ERROR;
				CLANG_WARN_DOCUMENTATION_COMMENTS = YES;
				CLANG_WARN_EMPTY_BODY = YES;
				CLANG_WARN_ENUM_CONVERSION = YES;
				CLANG_WARN_INFINITE_RECURSION = YES;
				CLANG_WARN_INT_CONVERSION = YES;
				CLANG_WARN_OBJC_ROOT_CLASS = YES_ERROR;
				CLANG_WARN_SUSPICIOUS_MOVE = YES;
				CLANG_WARN_UNREACHABLE_CODE = YES;
				CLANG_WARN__DUPLICATE_METHOD_MATCH = YES;
				"CODE_SIGN_IDENTITY[sdk=iphoneos*]" = "iPhone Developer";
				COPY_PHASE_STRIP = NO;
				DEBUG_INFORMATION_FORMAT = "dwarf-with-dsym";
				ENABLE_NS_ASSERTIONS = NO;
				ENABLE_STRICT_OBJC_MSGSEND = YES;
				GCC_C_LANGUAGE_STANDARD = gnu99;
				GCC_NO_COMMON_BLOCKS = YES;
				GCC_WARN_64_TO_32_BIT_CONVERSION = YES;
				GCC_WARN_ABOUT_RETURN_TYPE = YES_ERROR;
				GCC_WARN_UNDECLARED_SELECTOR = YES;
				GCC_WARN_UNINITIALIZED_AUTOS = YES_AGGRESSIVE;
				GCC_WARN_UNUSED_FUNCTION = YES;
				GCC_WARN_UNUSED_VARIABLE = YES;
				IPHONEOS_DEPLOYMENT_TARGET = 10.3;
				MTL_ENABLE_DEBUG_INFO = NO;
				SDKROOT = iphoneos;
				SWIFT_OPTIMIZATION_LEVEL = "-Owholemodule";
				VALIDATE_PRODUCT = YES;
			};
			name = Release;
		};
		147573D01F39B9D6007304B3 /* Debug */ = {
			isa = XCBuildConfiguration;
			baseConfigurationReference = CE3FFCD909F1777B37E58544 /* Pods-test_travis.debug.xcconfig */;
			buildSettings = {
				ASSETCATALOG_COMPILER_APPICON_NAME = AppIcon;
				INFOPLIST_FILE = test_travis/Info.plist;
				LD_RUNPATH_SEARCH_PATHS = "$(inherited) @executable_path/Frameworks";
				PRODUCT_BUNDLE_IDENTIFIER = "jp.travis.shinagawa.test-travis";
				PRODUCT_NAME = "$(TARGET_NAME)";
				SWIFT_VERSION = 3.0;
			};
			name = Debug;
		};
		147573D11F39B9D6007304B3 /* Release */ = {
			isa = XCBuildConfiguration;
			baseConfigurationReference = 9645B2FE8C88A95BC05EBE4F /* Pods-test_travis.release.xcconfig */;
			buildSettings = {
				ASSETCATALOG_COMPILER_APPICON_NAME = AppIcon;
				INFOPLIST_FILE = test_travis/Info.plist;
				LD_RUNPATH_SEARCH_PATHS = "$(inherited) @executable_path/Frameworks";
				PRODUCT_BUNDLE_IDENTIFIER = "jp.travis.shinagawa.test-travis";
				PRODUCT_NAME = "$(TARGET_NAME)";
				SWIFT_VERSION = 3.0;
			};
			name = Release;
		};
/* End XCBuildConfiguration section */

/* Begin XCConfigurationList section */
		147573B81F39B9D6007304B3 /* Build configuration list for PBXProject "test_travis" */ = {
			isa = XCConfigurationList;
			buildConfigurations = (
				147573CD1F39B9D6007304B3 /* Debug */,
				147573CE1F39B9D6007304B3 /* Release */,
			);
			defaultConfigurationIsVisible = 0;
			defaultConfigurationName = Release;
		};
		147573CF1F39B9D6007304B3 /* Build configuration list for PBXNativeTarget "test_travis" */ = {
			isa = XCConfigurationList;
			buildConfigurations = (
				147573D01F39B9D6007304B3 /* Debug */,
				147573D11F39B9D6007304B3 /* Release */,
			);
			defaultConfigurationIsVisible = 0;
			defaultConfigurationName = Release;
		};
/* End XCConfigurationList section */
	};
	rootObject = 147573B51F39B9D6007304B3 /* Project object */;
}
